
Microsoft Visual Studio Solution File, Format Version 12.00
# Visual Studio Version 17
VisualStudioVersion = 17.0.31903.59
MinimumVisualStudioVersion = 10.0.40219.1
Project("{2150E333-8FDC-42A3-9474-1A3956D46DE8}") = "tests", "tests", "{CCF3846C-04DC-4953-A934-0927C6377710}"
EndProject
Project("{FAE04EC0-301F-11D3-BF4B-00C04F79EFBC}") = "Nucleus.Domain.Tests", "tests\Core\Nucleus.Domain.Tests.csproj", "{CA2E259C-F52C-4FE4-A11E-1D7E009D4A86}"
EndProject
Project("{FAE04EC0-301F-11D3-BF4B-00C04F79EFBC}") = "Nucleus.GameContract.Tests", "tests\GameContract\Nucleus.GameContract.Tests.csproj", "{946A5750-A86A-45CC-BC2B-31E20E33D708}"
EndProject
Project("{2150E333-8FDC-42A3-9474-1A3956D46DE8}") = "tools", "tools", "{4320EBBC-952B-4F42-BA3A-42B79694706C}"
EndProject
Project("{FAE04EC0-301F-11D3-BF4B-00C04F79EFBC}") = "Nucleus.CodeGen", "tools\Nucleus.CodeGen\Nucleus.CodeGen.csproj", "{EECDBFE9-1226-40A5-9F77-22FDEEEA1156}"
EndProject
Project("{FAE04EC0-301F-11D3-BF4B-00C04F79EFBC}") = "Nucleus.Architecture.Tests", "tests\Nucleus.Architecture.Tests\Nucleus.Architecture.Tests.csproj", "{4AA1F092-AA2D-4B36-B9BA-CFE5290CF891}"
EndProject
Project("{2150E333-8FDC-42A3-9474-1A3956D46DE8}") = "libs", "libs", "{9B22096E-89E2-4BB7-9EE1-8433F1D8E2C2}"
EndProject
Project("{FAE04EC0-301F-11D3-BF4B-00C04F79EFBC}") = "Nucleus.Domain", "libs\Nucleus.Domain\Nucleus.Domain.csproj", "{D2E2ABC2-7B89-4DE0-B0F0-2AF829211066}"
EndProject
Project("{FAE04EC0-301F-11D3-BF4B-00C04F79EFBC}") = "Nucleus.Squads", "libs\Nucleus.Squads\Nucleus.Squads.csproj", "{87EB067B-C2DE-4D99-A1EB-9FDF60D845B4}"
EndProject
Project("{FAE04EC0-301F-11D3-BF4B-00C04F79EFBC}") = "Nucleus.Production", "libs\Nucleus.Production\Nucleus.Production.csproj", "{767F4EB1-7F93-40EB-B678-07DA528092BC}"
EndProject
Project("{FAE04EC0-301F-11D3-BF4B-00C04F79EFBC}") = "Nucleus.Campaign", "libs\Nucleus.Campaign\Nucleus.Campaign.csproj", "{0ED71A3F-BDFA-469D-A48B-FA9E445C1373}"
EndProject
Project("{FAE04EC0-301F-11D3-BF4B-00C04F79EFBC}") = "Nucleus.GameSdk", "libs\Nucleus.GameSdk\Nucleus.GameSdk.csproj", "{629A7610-86BE-4C31-B952-4A3AAF40A6AD}"
EndProject
Project("{FAE04EC0-301F-11D3-BF4B-00C04F79EFBC}") = "Nucleus.Ui", "libs\Nucleus.Ui\Nucleus.Ui.csproj", "{23DE8364-E0BD-4EAD-8608-3982B55BE57C}"
EndProject
Project("{FAE04EC0-301F-11D3-BF4B-00C04F79EFBC}") = "Nucleus.Abstractions", "libs\Nucleus.Abstractions\Nucleus.Abstractions.csproj", "{6EA7454A-3BA2-4B2E-899B-FAD0F7350CC9}"
EndProject
Project("{FAE04EC0-301F-11D3-BF4B-00C04F79EFBC}") = "Nucleus.Integration.Tests", "tests\Nucleus.Integration.Tests\Nucleus.Integration.Tests.csproj", "{92C947D2-FE03-4D2C-8727-C802BCEAF287}"
EndProject
Project("{FAE04EC0-301F-11D3-BF4B-00C04F79EFBC}") = "Nucleus.Sim.Tests", "tests\Nucleus.Sim.Tests\Nucleus.Sim.Tests.csproj", "{049128BA-2B4C-4E35-A80A-051BCAA1A53F}"
EndProject
Project("{2150E333-8FDC-42A3-9474-1A3956D46DE8}") = "sdk", "sdk", "{EBF4F1FB-FAE4-4548-BB46-962B66CAD1D4}"
EndProject
Project("{FAE04EC0-301F-11D3-BF4B-00C04F79EFBC}") = "Nucleus.Sdk", "sdk\Nucleus.Sdk\Nucleus.Sdk.csproj", "{3A86435D-C980-4B53-8D6F-873B1DEAF095}"
EndProject
Project("{FAE04EC0-301F-11D3-BF4B-00C04F79EFBC}") = "Nucleus.LogAudit", "tools\Nucleus.LogAudit\Nucleus.LogAudit.csproj", "{5738B2A8-1C46-4D2A-844D-A02FFCA67797}"
EndProject
Project("{FAE04EC0-301F-11D3-BF4B-00C04F79EFBC}") = "Nucleus.LogAudit.Tests", "tests\Nucleus.LogAudit.Tests\Nucleus.LogAudit.Tests.csproj", "{1416B18C-BD36-42DF-B875-651EFFA1BC8F}"
EndProject
Project("{2150E333-8FDC-42A3-9474-1A3956D46DE8}") = "apps", "apps", "{9BCDC1AC-42FB-4FA7-BAF7-E37BFDA5D428}"
EndProject
Project("{FAE04EC0-301F-11D3-BF4B-00C04F79EFBC}") = "Nucleus.Build", "apps\Nucleus.Build\Nucleus.Build.csproj", "{4436C8A2-878F-4908-B057-2D280F9AAF52}"
EndProject
Project("{FAE04EC0-301F-11D3-BF4B-00C04F79EFBC}") = "Nucleus.Squad", "apps\Nucleus.Squad\Nucleus.Squad.csproj", "{C28892B7-F133-4719-896D-6F07AEB03D32}"
EndProject
Project("{FAE04EC0-301F-11D3-BF4B-00C04F79EFBC}") = "Nucleus.Platform", "apps\Nucleus.Platform\Nucleus.Platform.csproj", "{C6766346-D583-4EDD-B846-BD0BB7772862}"
EndProject
Project("{FAE04EC0-301F-11D3-BF4B-00C04F79EFBC}") = "Nucleus.Commander", "apps\Nucleus.Commander\Nucleus.Commander.csproj", "{07E1F1FA-A462-4C9D-AAFF-AE9F27427F65}"
EndProject
Project("{FAE04EC0-301F-11D3-BF4B-00C04F79EFBC}") = "Nucleus.Warfare", "apps\Nucleus.Warfare\Nucleus.Warfare.csproj", "{E63E8A50-1407-47B7-A0AE-B4E9FBEBC726}"
EndProject
Project("{FAE04EC0-301F-11D3-BF4B-00C04F79EFBC}") = "Nucleus.Installer", "tools\Nucleus.Installer\Nucleus.Installer.csproj", "{A983FB3C-EF57-4756-9108-DD14D15C6E7D}"
EndProject
Project("{FAE04EC0-301F-11D3-BF4B-00C04F79EFBC}") = "Nucleus.Installer.Tests", "tests\Nucleus.Installer.Tests\Nucleus.Installer.Tests.csproj", "{CD742776-8EC5-424F-A558-4D8463EE0644}"
EndProject
Project("{FAE04EC0-301F-11D3-BF4B-00C04F79EFBC}") = "Nucleus.Sim", "libs\Nucleus.Sim\Nucleus.Sim.csproj", "{AAD55DEA-773C-46A5-A055-DF7FC0695917}"
EndProject
Project("{FAE04EC0-301F-11D3-BF4B-00C04F79EFBC}") = "Nucleus.Evolve", "tools\Nucleus.Evolve\Nucleus.Evolve.csproj", "{F370E26D-81AF-4A92-9F6D-0C4614495D9F}"
EndProject
Global
	GlobalSection(SolutionConfigurationPlatforms) = preSolution
		Debug|Any CPU = Debug|Any CPU
		Release|Any CPU = Release|Any CPU
	EndGlobalSection
	GlobalSection(SolutionProperties) = preSolution
		HideSolutionNode = FALSE
	EndGlobalSection
	GlobalSection(ProjectConfigurationPlatforms) = postSolution
		{CA2E259C-F52C-4FE4-A11E-1D7E009D4A86}.Debug|Any CPU.ActiveCfg = Debug|Any CPU
		{CA2E259C-F52C-4FE4-A11E-1D7E009D4A86}.Debug|Any CPU.Build.0 = Debug|Any CPU
		{CA2E259C-F52C-4FE4-A11E-1D7E009D4A86}.Release|Any CPU.ActiveCfg = Release|Any CPU
		{CA2E259C-F52C-4FE4-A11E-1D7E009D4A86}.Release|Any CPU.Build.0 = Release|Any CPU
		{946A5750-A86A-45CC-BC2B-31E20E33D708}.Debug|Any CPU.ActiveCfg = Debug|Any CPU
		{946A5750-A86A-45CC-BC2B-31E20E33D708}.Debug|Any CPU.Build.0 = Debug|Any CPU
		{946A5750-A86A-45CC-BC2B-31E20E33D708}.Release|Any CPU.ActiveCfg = Release|Any CPU
		{946A5750-A86A-45CC-BC2B-31E20E33D708}.Release|Any CPU.Build.0 = Release|Any CPU
		{EECDBFE9-1226-40A5-9F77-22FDEEEA1156}.Debug|Any CPU.ActiveCfg = Debug|Any CPU
		{EECDBFE9-1226-40A5-9F77-22FDEEEA1156}.Debug|Any CPU.Build.0 = Debug|Any CPU
		{EECDBFE9-1226-40A5-9F77-22FDEEEA1156}.Release|Any CPU.ActiveCfg = Release|Any CPU
		{EECDBFE9-1226-40A5-9F77-22FDEEEA1156}.Release|Any CPU.Build.0 = Release|Any CPU
		{4AA1F092-AA2D-4B36-B9BA-CFE5290CF891}.Debug|Any CPU.ActiveCfg = Debug|Any CPU
		{4AA1F092-AA2D-4B36-B9BA-CFE5290CF891}.Debug|Any CPU.Build.0 = Debug|Any CPU
		{4AA1F092-AA2D-4B36-B9BA-CFE5290CF891}.Release|Any CPU.ActiveCfg = Release|Any CPU
		{4AA1F092-AA2D-4B36-B9BA-CFE5290CF891}.Release|Any CPU.Build.0 = Release|Any CPU
		{D2E2ABC2-7B89-4DE0-B0F0-2AF829211066}.Debug|Any CPU.ActiveCfg = Debug|Any CPU
		{D2E2ABC2-7B89-4DE0-B0F0-2AF829211066}.Debug|Any CPU.Build.0 = Debug|Any CPU
		{D2E2ABC2-7B89-4DE0-B0F0-2AF829211066}.Release|Any CPU.ActiveCfg = Release|Any CPU
		{D2E2ABC2-7B89-4DE0-B0F0-2AF829211066}.Release|Any CPU.Build.0 = Release|Any CPU
		{87EB067B-C2DE-4D99-A1EB-9FDF60D845B4}.Debug|Any CPU.ActiveCfg = Debug|Any CPU
		{87EB067B-C2DE-4D99-A1EB-9FDF60D845B4}.Debug|Any CPU.Build.0 = Debug|Any CPU
		{87EB067B-C2DE-4D99-A1EB-9FDF60D845B4}.Release|Any CPU.ActiveCfg = Release|Any CPU
		{87EB067B-C2DE-4D99-A1EB-9FDF60D845B4}.Release|Any CPU.Build.0 = Release|Any CPU
		{767F4EB1-7F93-40EB-B678-07DA528092BC}.Debug|Any CPU.ActiveCfg = Debug|Any CPU
		{767F4EB1-7F93-40EB-B678-07DA528092BC}.Debug|Any CPU.Build.0 = Debug|Any CPU
		{767F4EB1-7F93-40EB-B678-07DA528092BC}.Release|Any CPU.ActiveCfg = Release|Any CPU
		{767F4EB1-7F93-40EB-B678-07DA528092BC}.Release|Any CPU.Build.0 = Release|Any CPU
		{0ED71A3F-BDFA-469D-A48B-FA9E445C1373}.Debug|Any CPU.ActiveCfg = Debug|Any CPU
		{0ED71A3F-BDFA-469D-A48B-FA9E445C1373}.Debug|Any CPU.Build.0 = Debug|Any CPU
		{0ED71A3F-BDFA-469D-A48B-FA9E445C1373}.Release|Any CPU.ActiveCfg = Release|Any CPU
		{0ED71A3F-BDFA-469D-A48B-FA9E445C1373}.Release|Any CPU.Build.0 = Release|Any CPU
		{629A7610-86BE-4C31-B952-4A3AAF40A6AD}.Debug|Any CPU.ActiveCfg = Debug|Any CPU
		{629A7610-86BE-4C31-B952-4A3AAF40A6AD}.Debug|Any CPU.Build.0 = Debug|Any CPU
		{629A7610-86BE-4C31-B952-4A3AAF40A6AD}.Release|Any CPU.ActiveCfg = Release|Any CPU
		{629A7610-86BE-4C31-B952-4A3AAF40A6AD}.Release|Any CPU.Build.0 = Release|Any CPU
		{23DE8364-E0BD-4EAD-8608-3982B55BE57C}.Debug|Any CPU.ActiveCfg = Debug|Any CPU
		{23DE8364-E0BD-4EAD-8608-3982B55BE57C}.Debug|Any CPU.Build.0 = Debug|Any CPU
		{23DE8364-E0BD-4EAD-8608-3982B55BE57C}.Release|Any CPU.ActiveCfg = Release|Any CPU
		{23DE8364-E0BD-4EAD-8608-3982B55BE57C}.Release|Any CPU.Build.0 = Release|Any CPU
		{6EA7454A-3BA2-4B2E-899B-FAD0F7350CC9}.Debug|Any CPU.ActiveCfg = Debug|Any CPU
		{6EA7454A-3BA2-4B2E-899B-FAD0F7350CC9}.Debug|Any CPU.Build.0 = Debug|Any CPU
		{6EA7454A-3BA2-4B2E-899B-FAD0F7350CC9}.Release|Any CPU.ActiveCfg = Release|Any CPU
		{6EA7454A-3BA2-4B2E-899B-FAD0F7350CC9}.Release|Any CPU.Build.0 = Release|Any CPU
		{92C947D2-FE03-4D2C-8727-C802BCEAF287}.Debug|Any CPU.ActiveCfg = Debug|Any CPU
		{92C947D2-FE03-4D2C-8727-C802BCEAF287}.Debug|Any CPU.Build.0 = Debug|Any CPU
		{92C947D2-FE03-4D2C-8727-C802BCEAF287}.Release|Any CPU.ActiveCfg = Release|Any CPU
		{92C947D2-FE03-4D2C-8727-C802BCEAF287}.Release|Any CPU.Build.0 = Release|Any CPU
		{049128BA-2B4C-4E35-A80A-051BCAA1A53F}.Debug|Any CPU.ActiveCfg = Debug|Any CPU
		{049128BA-2B4C-4E35-A80A-051BCAA1A53F}.Debug|Any CPU.Build.0 = Debug|Any CPU
		{049128BA-2B4C-4E35-A80A-051BCAA1A53F}.Release|Any CPU.ActiveCfg = Release|Any CPU
		{049128BA-2B4C-4E35-A80A-051BCAA1A53F}.Release|Any CPU.Build.0 = Release|Any CPU
		{3A86435D-C980-4B53-8D6F-873B1DEAF095}.Debug|Any CPU.ActiveCfg = Debug|Any CPU
		{3A86435D-C980-4B53-8D6F-873B1DEAF095}.Debug|Any CPU.Build.0 = Debug|Any CPU
		{3A86435D-C980-4B53-8D6F-873B1DEAF095}.Release|Any CPU.ActiveCfg = Release|Any CPU
		{3A86435D-C980-4B53-8D6F-873B1DEAF095}.Release|Any CPU.Build.0 = Release|Any CPU
		{5738B2A8-1C46-4D2A-844D-A02FFCA67797}.Debug|Any CPU.ActiveCfg = Debug|Any CPU
		{5738B2A8-1C46-4D2A-844D-A02FFCA67797}.Debug|Any CPU.Build.0 = Debug|Any CPU
		{5738B2A8-1C46-4D2A-844D-A02FFCA67797}.Release|Any CPU.ActiveCfg = Release|Any CPU
		{5738B2A8-1C46-4D2A-844D-A02FFCA67797}.Release|Any CPU.Build.0 = Release|Any CPU
		{1416B18C-BD36-42DF-B875-651EFFA1BC8F}.Debug|Any CPU.ActiveCfg = Debug|Any CPU
		{1416B18C-BD36-42DF-B875-651EFFA1BC8F}.Debug|Any CPU.Build.0 = Debug|Any CPU
		{1416B18C-BD36-42DF-B875-651EFFA1BC8F}.Release|Any CPU.ActiveCfg = Release|Any CPU
		{1416B18C-BD36-42DF-B875-651EFFA1BC8F}.Release|Any CPU.Build.0 = Release|Any CPU
		{4436C8A2-878F-4908-B057-2D280F9AAF52}.Debug|Any CPU.ActiveCfg = Debug|Any CPU
		{4436C8A2-878F-4908-B057-2D280F9AAF52}.Debug|Any CPU.Build.0 = Debug|Any CPU
		{4436C8A2-878F-4908-B057-2D280F9AAF52}.Release|Any CPU.ActiveCfg = Release|Any CPU
		{4436C8A2-878F-4908-B057-2D280F9AAF52}.Release|Any CPU.Build.0 = Release|Any CPU
		{C28892B7-F133-4719-896D-6F07AEB03D32}.Debug|Any CPU.ActiveCfg = Debug|Any CPU
		{C28892B7-F133-4719-896D-6F07AEB03D32}.Debug|Any CPU.Build.0 = Debug|Any CPU
		{C28892B7-F133-4719-896D-6F07AEB03D32}.Release|Any CPU.ActiveCfg = Release|Any CPU
		{C28892B7-F133-4719-896D-6F07AEB03D32}.Release|Any CPU.Build.0 = Release|Any CPU
		{C6766346-D583-4EDD-B846-BD0BB7772862}.Debug|Any CPU.ActiveCfg = Debug|Any CPU
		{C6766346-D583-4EDD-B846-BD0BB7772862}.Debug|Any CPU.Build.0 = Debug|Any CPU
		{C6766346-D583-4EDD-B846-BD0BB7772862}.Release|Any CPU.ActiveCfg = Release|Any CPU
		{C6766346-D583-4EDD-B846-BD0BB7772862}.Release|Any CPU.Build.0 = Release|Any CPU
		{07E1F1FA-A462-4C9D-AAFF-AE9F27427F65}.Debug|Any CPU.ActiveCfg = Debug|Any CPU
		{07E1F1FA-A462-4C9D-AAFF-AE9F27427F65}.Debug|Any CPU.Build.0 = Debug|Any CPU
		{07E1F1FA-A462-4C9D-AAFF-AE9F27427F65}.Release|Any CPU.ActiveCfg = Release|Any CPU
		{07E1F1FA-A462-4C9D-AAFF-AE9F27427F65}.Release|Any CPU.Build.0 = Release|Any CPU
		{E63E8A50-1407-47B7-A0AE-B4E9FBEBC726}.Debug|Any CPU.ActiveCfg = Debug|Any CPU
		{E63E8A50-1407-47B7-A0AE-B4E9FBEBC726}.Debug|Any CPU.Build.0 = Debug|Any CPU
		{E63E8A50-1407-47B7-A0AE-B4E9FBEBC726}.Release|Any CPU.ActiveCfg = Release|Any CPU
		{E63E8A50-1407-47B7-A0AE-B4E9FBEBC726}.Release|Any CPU.Build.0 = Release|Any CPU
		{A983FB3C-EF57-4756-9108-DD14D15C6E7D}.Debug|Any CPU.ActiveCfg = Debug|Any CPU
		{A983FB3C-EF57-4756-9108-DD14D15C6E7D}.Debug|Any CPU.Build.0 = Debug|Any CPU
		{A983FB3C-EF57-4756-9108-DD14D15C6E7D}.Release|Any CPU.ActiveCfg = Release|Any CPU
		{A983FB3C-EF57-4756-9108-DD14D15C6E7D}.Release|Any CPU.Build.0 = Release|Any CPU
		{CD742776-8EC5-424F-A558-4D8463EE0644}.Debug|Any CPU.ActiveCfg = Debug|Any CPU
		{CD742776-8EC5-424F-A558-4D8463EE0644}.Debug|Any CPU.Build.0 = Debug|Any CPU
		{CD742776-8EC5-424F-A558-4D8463EE0644}.Release|Any CPU.ActiveCfg = Release|Any CPU
		{CD742776-8EC5-424F-A558-4D8463EE0644}.Release|Any CPU.Build.0 = Release|Any CPU
		{AAD55DEA-773C-46A5-A055-DF7FC0695917}.Debug|Any CPU.ActiveCfg = Debug|Any CPU
		{AAD55DEA-773C-46A5-A055-DF7FC0695917}.Debug|Any CPU.Build.0 = Debug|Any CPU
		{AAD55DEA-773C-46A5-A055-DF7FC0695917}.Release|Any CPU.ActiveCfg = Release|Any CPU
		{AAD55DEA-773C-46A5-A055-DF7FC0695917}.Release|Any CPU.Build.0 = Release|Any CPU
		{F370E26D-81AF-4A92-9F6D-0C4614495D9F}.Debug|Any CPU.ActiveCfg = Debug|Any CPU
		{F370E26D-81AF-4A92-9F6D-0C4614495D9F}.Debug|Any CPU.Build.0 = Debug|Any CPU
		{F370E26D-81AF-4A92-9F6D-0C4614495D9F}.Release|Any CPU.ActiveCfg = Release|Any CPU
		{F370E26D-81AF-4A92-9F6D-0C4614495D9F}.Release|Any CPU.Build.0 = Release|Any CPU
	EndGlobalSection
	GlobalSection(NestedProjects) = preSolution
		{CA2E259C-F52C-4FE4-A11E-1D7E009D4A86} = {CCF3846C-04DC-4953-A934-0927C6377710}
		{946A5750-A86A-45CC-BC2B-31E20E33D708} = {CCF3846C-04DC-4953-A934-0927C6377710}
		{EECDBFE9-1226-40A5-9F77-22FDEEEA1156} = {4320EBBC-952B-4F42-BA3A-42B79694706C}
		{4AA1F092-AA2D-4B36-B9BA-CFE5290CF891} = {CCF3846C-04DC-4953-A934-0927C6377710}
		{D2E2ABC2-7B89-4DE0-B0F0-2AF829211066} = {9B22096E-89E2-4BB7-9EE1-8433F1D8E2C2}
		{87EB067B-C2DE-4D99-A1EB-9FDF60D845B4} = {9B22096E-89E2-4BB7-9EE1-8433F1D8E2C2}
		{767F4EB1-7F93-40EB-B678-07DA528092BC} = {9B22096E-89E2-4BB7-9EE1-8433F1D8E2C2}
		{0ED71A3F-BDFA-469D-A48B-FA9E445C1373} = {9B22096E-89E2-4BB7-9EE1-8433F1D8E2C2}
		{629A7610-86BE-4C31-B952-4A3AAF40A6AD} = {9B22096E-89E2-4BB7-9EE1-8433F1D8E2C2}
		{23DE8364-E0BD-4EAD-8608-3982B55BE57C} = {9B22096E-89E2-4BB7-9EE1-8433F1D8E2C2}
		{6EA7454A-3BA2-4B2E-899B-FAD0F7350CC9} = {9B22096E-89E2-4BB7-9EE1-8433F1D8E2C2}
		{92C947D2-FE03-4D2C-8727-C802BCEAF287} = {CCF3846C-04DC-4953-A934-0927C6377710}
		{049128BA-2B4C-4E35-A80A-051BCAA1A53F} = {CCF3846C-04DC-4953-A934-0927C6377710}
		{3A86435D-C980-4B53-8D6F-873B1DEAF095} = {EBF4F1FB-FAE4-4548-BB46-962B66CAD1D4}
		{5738B2A8-1C46-4D2A-844D-A02FFCA67797} = {4320EBBC-952B-4F42-BA3A-42B79694706C}
		{1416B18C-BD36-42DF-B875-651EFFA1BC8F} = {CCF3846C-04DC-4953-A934-0927C6377710}
		{4436C8A2-878F-4908-B057-2D280F9AAF52} = {9BCDC1AC-42FB-4FA7-BAF7-E37BFDA5D428}
		{C28892B7-F133-4719-896D-6F07AEB03D32} = {9BCDC1AC-42FB-4FA7-BAF7-E37BFDA5D428}
		{C6766346-D583-4EDD-B846-BD0BB7772862} = {9BCDC1AC-42FB-4FA7-BAF7-E37BFDA5D428}
		{07E1F1FA-A462-4C9D-AAFF-AE9F27427F65} = {9BCDC1AC-42FB-4FA7-BAF7-E37BFDA5D428}
		{E63E8A50-1407-47B7-A0AE-B4E9FBEBC726} = {9BCDC1AC-42FB-4FA7-BAF7-E37BFDA5D428}
		{A983FB3C-EF57-4756-9108-DD14D15C6E7D} = {4320EBBC-952B-4F42-BA3A-42B79694706C}
		{CD742776-8EC5-424F-A558-4D8463EE0644} = {CCF3846C-04DC-4953-A934-0927C6377710}
		{AAD55DEA-773C-46A5-A055-DF7FC0695917} = {9B22096E-89E2-4BB7-9EE1-8433F1D8E2C2}
		{F370E26D-81AF-4A92-9F6D-0C4614495D9F} = {4320EBBC-952B-4F42-BA3A-42B79694706C}
	EndGlobalSection
EndGlobal
