
Microsoft Visual Studio Solution File, Format Version 12.00
# Visual Studio Version 17
VisualStudioVersion = 17.0.31903.59
MinimumVisualStudioVersion = 10.0.40219.1
Project("{FAE04EC0-301F-11D3-BF4B-00C04F79EFBC}") = "CommanderLayer", "src\CommanderLayer.csproj", "{3D81BD5C-CCC4-463B-B372-07A0F418ED88}"
EndProject
Project("{2150E333-8FDC-42A3-9474-1A3956D46DE8}") = "tests", "tests", "{CCF3846C-04DC-4953-A934-0927C6377710}"
EndProject
Project("{FAE04EC0-301F-11D3-BF4B-00C04F79EFBC}") = "CommanderLayer.Tests", "tests\Core\CommanderLayer.Tests.csproj", "{CA2E259C-F52C-4FE4-A11E-1D7E009D4A86}"
EndProject
Project("{FAE04EC0-301F-11D3-BF4B-00C04F79EFBC}") = "CommanderLayer.GameContract.Tests", "tests\GameContract\CommanderLayer.GameContract.Tests.csproj", "{946A5750-A86A-45CC-BC2B-31E20E33D708}"
EndProject
Project("{2150E333-8FDC-42A3-9474-1A3956D46DE8}") = "tools", "tools", "{4320EBBC-952B-4F42-BA3A-42B79694706C}"
EndProject
Project("{FAE04EC0-301F-11D3-BF4B-00C04F79EFBC}") = "CommanderLayer.CodeGen", "tools\CommanderLayer.CodeGen\CommanderLayer.CodeGen.csproj", "{EECDBFE9-1226-40A5-9F77-22FDEEEA1156}"
EndProject
Project("{FAE04EC0-301F-11D3-BF4B-00C04F79EFBC}") = "Nucleus.Architecture.Tests", "tests\Nucleus.Architecture.Tests\Nucleus.Architecture.Tests.csproj", "{4AA1F092-AA2D-4B36-B9BA-CFE5290CF891}"
EndProject
Project("{2150E333-8FDC-42A3-9474-1A3956D46DE8}") = "libs", "libs", "{9B22096E-89E2-4BB7-9EE1-8433F1D8E2C2}"
EndProject
Project("{FAE04EC0-301F-11D3-BF4B-00C04F79EFBC}") = "Nucleus.Domain", "libs\Nucleus.Domain\Nucleus.Domain.csproj", "{D2E2ABC2-7B89-4DE0-B0F0-2AF829211066}"
EndProject
Project("{FAE04EC0-301F-11D3-BF4B-00C04F79EFBC}") = "Nucleus.Squads", "libs\Nucleus.Squads\Nucleus.Squads.csproj", "{87EB067B-C2DE-4D99-A1EB-9FDF60D845B4}"
EndProject
Project("{FAE04EC0-301F-11D3-BF4B-00C04F79EFBC}") = "Nucleus.Production", "libs\Nucleus.Production\Nucleus.Production.csproj", "{767F4EB1-7F93-40EB-B678-07DA528092BC}"
EndProject
Project("{FAE04EC0-301F-11D3-BF4B-00C04F79EFBC}") = "Nucleus.Campaign", "libs\Nucleus.Campaign\Nucleus.Campaign.csproj", "{0ED71A3F-BDFA-469D-A48B-FA9E445C1373}"
EndProject
Project("{FAE04EC0-301F-11D3-BF4B-00C04F79EFBC}") = "Nucleus.GameSdk", "libs\Nucleus.GameSdk\Nucleus.GameSdk.csproj", "{629A7610-86BE-4C31-B952-4A3AAF40A6AD}"
EndProject
Project("{FAE04EC0-301F-11D3-BF4B-00C04F79EFBC}") = "Nucleus.Ui", "libs\Nucleus.Ui\Nucleus.Ui.csproj", "{23DE8364-E0BD-4EAD-8608-3982B55BE57C}"
EndProject
Project("{FAE04EC0-301F-11D3-BF4B-00C04F79EFBC}") = "Nucleus.Abstractions", "libs\Nucleus.Abstractions\Nucleus.Abstractions.csproj", "{6EA7454A-3BA2-4B2E-899B-FAD0F7350CC9}"
EndProject
Project("{FAE04EC0-301F-11D3-BF4B-00C04F79EFBC}") = "Nucleus.Integration.Tests", "tests\Nucleus.Integration.Tests\Nucleus.Integration.Tests.csproj", "{92C947D2-FE03-4D2C-8727-C802BCEAF287}"
EndProject
Project("{FAE04EC0-301F-11D3-BF4B-00C04F79EFBC}") = "Nucleus.Sim.Tests", "tests\Nucleus.Sim.Tests\Nucleus.Sim.Tests.csproj", "{049128BA-2B4C-4E35-A80A-051BCAA1A53F}"
EndProject
Global
	GlobalSection(SolutionConfigurationPlatforms) = preSolution
		Debug|Any CPU = Debug|Any CPU
		Release|Any CPU = Release|Any CPU
	EndGlobalSection
	GlobalSection(SolutionProperties) = preSolution
		HideSolutionNode = FALSE
	EndGlobalSection
	GlobalSection(ProjectConfigurationPlatforms) = postSolution
		{3D81BD5C-CCC4-463B-B372-07A0F418ED88}.Debug|Any CPU.ActiveCfg = Debug|Any CPU
		{3D81BD5C-CCC4-463B-B372-07A0F418ED88}.Debug|Any CPU.Build.0 = Debug|Any CPU
		{3D81BD5C-CCC4-463B-B372-07A0F418ED88}.Release|Any CPU.ActiveCfg = Release|Any CPU
		{3D81BD5C-CCC4-463B-B372-07A0F418ED88}.Release|Any CPU.Build.0 = Release|Any CPU
		{CA2E259C-F52C-4FE4-A11E-1D7E009D4A86}.Debug|Any CPU.ActiveCfg = Debug|Any CPU
		{CA2E259C-F52C-4FE4-A11E-1D7E009D4A86}.Debug|Any CPU.Build.0 = Debug|Any CPU
		{CA2E259C-F52C-4FE4-A11E-1D7E009D4A86}.Release|Any CPU.ActiveCfg = Release|Any CPU
		{CA2E259C-F52C-4FE4-A11E-1D7E009D4A86}.Release|Any CPU.Build.0 = Release|Any CPU
		{946A5750-A86A-45CC-BC2B-31E20E33D708}.Debug|Any CPU.ActiveCfg = Debug|Any CPU
		{946A5750-A86A-45CC-BC2B-31E20E33D708}.Debug|Any CPU.Build.0 = Debug|Any CPU
		{946A5750-A86A-45CC-BC2B-31E20E33D708}.Release|Any CPU.ActiveCfg = Release|Any CPU
		{946A5750-A86A-45CC-BC2B-31E20E33D708}.Release|Any CPU.Build.0 = Release|Any CPU
		{EECDBFE9-1226-40A5-9F77-22FDEEEA1156}.Debug|Any CPU.ActiveCfg = Debug|Any CPU
		{EECDBFE9-1226-40A5-9F77-22FDEEEA1156}.Debug|Any CPU.Build.0 = Debug|Any CPU
		{EECDBFE9-1226-40A5-9F77-22FDEEEA1156}.Release|Any CPU.ActiveCfg = Release|Any CPU
		{EECDBFE9-1226-40A5-9F77-22FDEEEA1156}.Release|Any CPU.Build.0 = Release|Any CPU
		{4AA1F092-AA2D-4B36-B9BA-CFE5290CF891}.Debug|Any CPU.ActiveCfg = Debug|Any CPU
		{4AA1F092-AA2D-4B36-B9BA-CFE5290CF891}.Debug|Any CPU.Build.0 = Debug|Any CPU
		{4AA1F092-AA2D-4B36-B9BA-CFE5290CF891}.Release|Any CPU.ActiveCfg = Release|Any CPU
		{4AA1F092-AA2D-4B36-B9BA-CFE5290CF891}.Release|Any CPU.Build.0 = Release|Any CPU
		{D2E2ABC2-7B89-4DE0-B0F0-2AF829211066}.Debug|Any CPU.ActiveCfg = Debug|Any CPU
		{D2E2ABC2-7B89-4DE0-B0F0-2AF829211066}.Debug|Any CPU.Build.0 = Debug|Any CPU
		{D2E2ABC2-7B89-4DE0-B0F0-2AF829211066}.Release|Any CPU.ActiveCfg = Release|Any CPU
		{D2E2ABC2-7B89-4DE0-B0F0-2AF829211066}.Release|Any CPU.Build.0 = Release|Any CPU
		{87EB067B-C2DE-4D99-A1EB-9FDF60D845B4}.Debug|Any CPU.ActiveCfg = Debug|Any CPU
		{87EB067B-C2DE-4D99-A1EB-9FDF60D845B4}.Debug|Any CPU.Build.0 = Debug|Any CPU
		{87EB067B-C2DE-4D99-A1EB-9FDF60D845B4}.Release|Any CPU.ActiveCfg = Release|Any CPU
		{87EB067B-C2DE-4D99-A1EB-9FDF60D845B4}.Release|Any CPU.Build.0 = Release|Any CPU
		{767F4EB1-7F93-40EB-B678-07DA528092BC}.Debug|Any CPU.ActiveCfg = Debug|Any CPU
		{767F4EB1-7F93-40EB-B678-07DA528092BC}.Debug|Any CPU.Build.0 = Debug|Any CPU
		{767F4EB1-7F93-40EB-B678-07DA528092BC}.Release|Any CPU.ActiveCfg = Release|Any CPU
		{767F4EB1-7F93-40EB-B678-07DA528092BC}.Release|Any CPU.Build.0 = Release|Any CPU
		{0ED71A3F-BDFA-469D-A48B-FA9E445C1373}.Debug|Any CPU.ActiveCfg = Debug|Any CPU
		{0ED71A3F-BDFA-469D-A48B-FA9E445C1373}.Debug|Any CPU.Build.0 = Debug|Any CPU
		{0ED71A3F-BDFA-469D-A48B-FA9E445C1373}.Release|Any CPU.ActiveCfg = Release|Any CPU
		{0ED71A3F-BDFA-469D-A48B-FA9E445C1373}.Release|Any CPU.Build.0 = Release|Any CPU
		{629A7610-86BE-4C31-B952-4A3AAF40A6AD}.Debug|Any CPU.ActiveCfg = Debug|Any CPU
		{629A7610-86BE-4C31-B952-4A3AAF40A6AD}.Debug|Any CPU.Build.0 = Debug|Any CPU
		{629A7610-86BE-4C31-B952-4A3AAF40A6AD}.Release|Any CPU.ActiveCfg = Release|Any CPU
		{629A7610-86BE-4C31-B952-4A3AAF40A6AD}.Release|Any CPU.Build.0 = Release|Any CPU
		{23DE8364-E0BD-4EAD-8608-3982B55BE57C}.Debug|Any CPU.ActiveCfg = Debug|Any CPU
		{23DE8364-E0BD-4EAD-8608-3982B55BE57C}.Debug|Any CPU.Build.0 = Debug|Any CPU
		{23DE8364-E0BD-4EAD-8608-3982B55BE57C}.Release|Any CPU.ActiveCfg = Release|Any CPU
		{23DE8364-E0BD-4EAD-8608-3982B55BE57C}.Release|Any CPU.Build.0 = Release|Any CPU
		{6EA7454A-3BA2-4B2E-899B-FAD0F7350CC9}.Debug|Any CPU.ActiveCfg = Debug|Any CPU
		{6EA7454A-3BA2-4B2E-899B-FAD0F7350CC9}.Debug|Any CPU.Build.0 = Debug|Any CPU
		{6EA7454A-3BA2-4B2E-899B-FAD0F7350CC9}.Release|Any CPU.ActiveCfg = Release|Any CPU
		{6EA7454A-3BA2-4B2E-899B-FAD0F7350CC9}.Release|Any CPU.Build.0 = Release|Any CPU
		{92C947D2-FE03-4D2C-8727-C802BCEAF287}.Debug|Any CPU.ActiveCfg = Debug|Any CPU
		{92C947D2-FE03-4D2C-8727-C802BCEAF287}.Debug|Any CPU.Build.0 = Debug|Any CPU
		{92C947D2-FE03-4D2C-8727-C802BCEAF287}.Release|Any CPU.ActiveCfg = Release|Any CPU
		{92C947D2-FE03-4D2C-8727-C802BCEAF287}.Release|Any CPU.Build.0 = Release|Any CPU
		{049128BA-2B4C-4E35-A80A-051BCAA1A53F}.Debug|Any CPU.ActiveCfg = Debug|Any CPU
		{049128BA-2B4C-4E35-A80A-051BCAA1A53F}.Debug|Any CPU.Build.0 = Debug|Any CPU
		{049128BA-2B4C-4E35-A80A-051BCAA1A53F}.Release|Any CPU.ActiveCfg = Release|Any CPU
		{049128BA-2B4C-4E35-A80A-051BCAA1A53F}.Release|Any CPU.Build.0 = Release|Any CPU
	EndGlobalSection
	GlobalSection(NestedProjects) = preSolution
		{CA2E259C-F52C-4FE4-A11E-1D7E009D4A86} = {CCF3846C-04DC-4953-A934-0927C6377710}
		{946A5750-A86A-45CC-BC2B-31E20E33D708} = {CCF3846C-04DC-4953-A934-0927C6377710}
		{EECDBFE9-1226-40A5-9F77-22FDEEEA1156} = {4320EBBC-952B-4F42-BA3A-42B79694706C}
		{4AA1F092-AA2D-4B36-B9BA-CFE5290CF891} = {CCF3846C-04DC-4953-A934-0927C6377710}
		{D2E2ABC2-7B89-4DE0-B0F0-2AF829211066} = {9B22096E-89E2-4BB7-9EE1-8433F1D8E2C2}
		{87EB067B-C2DE-4D99-A1EB-9FDF60D845B4} = {9B22096E-89E2-4BB7-9EE1-8433F1D8E2C2}
		{767F4EB1-7F93-40EB-B678-07DA528092BC} = {9B22096E-89E2-4BB7-9EE1-8433F1D8E2C2}
		{0ED71A3F-BDFA-469D-A48B-FA9E445C1373} = {9B22096E-89E2-4BB7-9EE1-8433F1D8E2C2}
		{629A7610-86BE-4C31-B952-4A3AAF40A6AD} = {9B22096E-89E2-4BB7-9EE1-8433F1D8E2C2}
		{23DE8364-E0BD-4EAD-8608-3982B55BE57C} = {9B22096E-89E2-4BB7-9EE1-8433F1D8E2C2}
		{6EA7454A-3BA2-4B2E-899B-FAD0F7350CC9} = {9B22096E-89E2-4BB7-9EE1-8433F1D8E2C2}
		{92C947D2-FE03-4D2C-8727-C802BCEAF287} = {CCF3846C-04DC-4953-A934-0927C6377710}
		{049128BA-2B4C-4E35-A80A-051BCAA1A53F} = {CCF3846C-04DC-4953-A934-0927C6377710}
	EndGlobalSection
EndGlobal
